
Microsoft Visual Studio Solution File, Format Version 12.00
Project("{FAE04EC0-301F-11D3-BF4B-00C04F79EFBC}") = "UHDGrabber", "UHDGrabber\UHDGrabber.csproj", "{597CEDE7-9B29-44A0-90AF-ACF716181BBE}"
EndProject
Global
	GlobalSection(SolutionConfigurationPlatforms) = preSolution
		Debug|Any CPU = Debug|Any CPU
		Release|Any CPU = Release|Any CPU
	EndGlobalSection
	GlobalSection(ProjectConfigurationPlatforms) = postSolution
		{597CEDE7-9B29-44A0-90AF-ACF716181BBE}.Debug|Any CPU.ActiveCfg = Debug|Any CPU
		{597CEDE7-9B29-44A0-90AF-ACF716181BBE}.Debug|Any CPU.Build.0 = Debug|Any CPU
		{597CEDE7-9B29-44A0-90AF-ACF716181BBE}.Release|Any CPU.ActiveCfg = Release|Any CPU
		{597CEDE7-9B29-44A0-90AF-ACF716181BBE}.Release|Any CPU.Build.0 = Release|Any CPU
	EndGlobalSection
EndGlobal
